
Microsoft Visual Studio Solution File, Format Version 12.00
# Visual Studio Version 17
VisualStudioVersion = 17.9.34728.123
MinimumVisualStudioVersion = 10.0.40219.1
Project("{FAE04EC0-301F-11D3-BF4B-00C04F79EFBC}") = "Equations", "Equations.csproj", "{F94FD7F3-E3B0-423C-A0A9-7624FC1D834C}"
EndProject
Global
	GlobalSection(SolutionConfigurationPlatforms) = preSolution
		Debug|Any CPU = Debug|Any CPU
		Release|Any CPU = Release|Any CPU
	EndGlobalSection
	GlobalSection(ProjectConfigurationPlatforms) = postSolution
		{F94FD7F3-E3B0-423C-A0A9-7624FC1D834C}.Debug|Any CPU.ActiveCfg = Debug|Any CPU
		{F94FD7F3-E3B0-423C-A0A9-7624FC1D834C}.Debug|Any CPU.Build.0 = Debug|Any CPU
		{F94FD7F3-E3B0-423C-A0A9-7624FC1D834C}.Release|Any CPU.ActiveCfg = Release|Any CPU
		{F94FD7F3-E3B0-423C-A0A9-7624FC1D834C}.Release|Any CPU.Build.0 = Release|Any CPU
	EndGlobalSection
	GlobalSection(SolutionProperties) = preSolution
		HideSolutionNode = FALSE
	EndGlobalSection
	GlobalSection(ExtensibilityGlobals) = postSolution
		SolutionGuid = {68F44FEA-A6D2-47AA-A1E3-9853B890A2E2}
	EndGlobalSection
EndGlobal
